
Microsoft Visual Studio Solution File, Format Version 12.00
# Visual Studio 15
VisualStudioVersion = 15.0.28307.779
MinimumVisualStudioVersion = 10.0.40219.1
Project("{FAE04EC0-301F-11D3-BF4B-00C04F79EFBC}") = "Numbers", "Numbers\Numbers.csproj", "{CCECDAC0-7531-4DDC-B196-BA75166A9AAD}"
EndProject
Global
	GlobalSection(SolutionConfigurationPlatforms) = preSolution
		Debug|Any CPU = Debug|Any CPU
		Release|Any CPU = Release|Any CPU
	EndGlobalSection
	GlobalSection(ProjectConfigurationPlatforms) = postSolution
		{CCECDAC0-7531-4DDC-B196-BA75166A9AAD}.Debug|Any CPU.ActiveCfg = Debug|Any CPU
		{CCECDAC0-7531-4DDC-B196-BA75166A9AAD}.Debug|Any CPU.Build.0 = Debug|Any CPU
		{CCECDAC0-7531-4DDC-B196-BA75166A9AAD}.Release|Any CPU.ActiveCfg = Release|Any CPU
		{CCECDAC0-7531-4DDC-B196-BA75166A9AAD}.Release|Any CPU.Build.0 = Release|Any CPU
	EndGlobalSection
	GlobalSection(SolutionProperties) = preSolution
		HideSolutionNode = FALSE
	EndGlobalSection
	GlobalSection(ExtensibilityGlobals) = postSolution
		SolutionGuid = {C3A73CA3-8A3E-407E-A4A1-CD794B68C121}
	EndGlobalSection
EndGlobal
